// !$*UTF8*$!
{
	archiveVersion = 1;
	classes = {
	};
	objectVersion = 56;
	objects = {

/* Begin PBXBuildFile section */
		6E5638392ACF956A00CAC009 /* fetch_challenge_iosApp.swift in Sources */ = {isa = PBXBuildFile; fileRef = 6E5638382ACF956A00CAC009 /* fetch_challenge_iosApp.swift */; };
		6E56383B2ACF956A00CAC009 /* ContentView.swift in Sources */ = {isa = PBXBuildFile; fileRef = 6E56383A2ACF956A00CAC009 /* ContentView.swift */; };
		6E56383D2ACF956C00CAC009 /* Assets.xcassets in Resources */ = {isa = PBXBuildFile; fileRef = 6E56383C2ACF956C00CAC009 /* Assets.xcassets */; };
		6E5638402ACF956C00CAC009 /* Preview Assets.xcassets in Resources */ = {isa = PBXBuildFile; fileRef = 6E56383F2ACF956C00CAC009 /* Preview Assets.xcassets */; };
		6E56384A2ACFBBBB00CAC009 /* Model.swift in Sources */ = {isa = PBXBuildFile; fileRef = 6E5638492ACFBBBB00CAC009 /* Model.swift */; };
		6E56384C2ACFBD0E00CAC009 /* Backend.swift in Sources */ = {isa = PBXBuildFile; fileRef = 6E56384B2ACFBD0E00CAC009 /* Backend.swift */; };
		6E56384F2AD04E5100CAC009 /* DetailView.swift in Sources */ = {isa = PBXBuildFile; fileRef = 6E56384E2AD04E5100CAC009 /* DetailView.swift */; };
		6E5638512AD095E100CAC009 /* IngredeintsView.swift in Sources */ = {isa = PBXBuildFile; fileRef = 6E5638502AD095E100CAC009 /* IngredeintsView.swift */; };
/* End PBXBuildFile section */

/* Begin PBXFileReference section */
		6E5638352ACF956A00CAC009 /* fetch-challenge-ios.app */ = {isa = PBXFileReference; explicitFileType = wrapper.application; includeInIndex = 0; path = "fetch-challenge-ios.app"; sourceTree = BUILT_PRODUCTS_DIR; };
		6E5638382ACF956A00CAC009 /* fetch_challenge_iosApp.swift */ = {isa = PBXFileReference; lastKnownFileType = sourcecode.swift; path = fetch_challenge_iosApp.swift; sourceTree = "<group>"; };
		6E56383A2ACF956A00CAC009 /* ContentView.swift */ = {isa = PBXFileReference; lastKnownFileType = sourcecode.swift; path = ContentView.swift; sourceTree = "<group>"; };
		6E56383C2ACF956C00CAC009 /* Assets.xcassets */ = {isa = PBXFileReference; lastKnownFileType = folder.assetcatalog; path = Assets.xcassets; sourceTree = "<group>"; };
		6E56383F2ACF956C00CAC009 /* Preview Assets.xcassets */ = {isa = PBXFileReference; lastKnownFileType = folder.assetcatalog; path = "Preview Assets.xcassets"; sourceTree = "<group>"; };
		6E5638492ACFBBBB00CAC009 /* Model.swift */ = {isa = PBXFileReference; lastKnownFileType = sourcecode.swift; path = Model.swift; sourceTree = "<group>"; };
		6E56384B2ACFBD0E00CAC009 /* Backend.swift */ = {isa = PBXFileReference; lastKnownFileType = sourcecode.swift; path = Backend.swift; sourceTree = "<group>"; };
		6E56384E2AD04E5100CAC009 /* DetailView.swift */ = {isa = PBXFileReference; lastKnownFileType = sourcecode.swift; path = DetailView.swift; sourceTree = "<group>"; };
		6E5638502AD095E100CAC009 /* IngredeintsView.swift */ = {isa = PBXFileReference; lastKnownFileType = sourcecode.swift; path = IngredeintsView.swift; sourceTree = "<group>"; };
/* End PBXFileReference section */

/* Begin PBXFrameworksBuildPhase section */
		6E5638322ACF956A00CAC009 /* Frameworks */ = {
			isa = PBXFrameworksBuildPhase;
			buildActionMask = 2147483647;
			files = (
			);
			runOnlyForDeploymentPostprocessing = 0;
		};
/* End PBXFrameworksBuildPhase section */

/* Begin PBXGroup section */
		6E56382C2ACF956A00CAC009 = {
			isa = PBXGroup;
			children = (
				6E5638372ACF956A00CAC009 /* fetch-challenge-ios */,
				6E5638362ACF956A00CAC009 /* Products */,
			);
			sourceTree = "<group>";
		};
		6E5638362ACF956A00CAC009 /* Products */ = {
			isa = PBXGroup;
			children = (
				6E5638352ACF956A00CAC009 /* fetch-challenge-ios.app */,
			);
			name = Products;
			sourceTree = "<group>";
		};
		6E5638372ACF956A00CAC009 /* fetch-challenge-ios */ = {
			isa = PBXGroup;
			children = (
				6E56384D2AD04E3C00CAC009 /* Views */,
				6E5638382ACF956A00CAC009 /* fetch_challenge_iosApp.swift */,
				6E5638462ACFBB6A00CAC009 /* Models */,
				6E56383C2ACF956C00CAC009 /* Assets.xcassets */,
				6E56383E2ACF956C00CAC009 /* Preview Content */,
				6E5638522AD4388900CAC009 /* Backend */,
			);
			path = "fetch-challenge-ios";
			sourceTree = "<group>";
		};
		6E56383E2ACF956C00CAC009 /* Preview Content */ = {
			isa = PBXGroup;
			children = (
				6E56383F2ACF956C00CAC009 /* Preview Assets.xcassets */,
			);
			path = "Preview Content";
			sourceTree = "<group>";
		};
		6E5638462ACFBB6A00CAC009 /* Models */ = {
			isa = PBXGroup;
			children = (
				6E5638492ACFBBBB00CAC009 /* Model.swift */,
			);
			name = Models;
			sourceTree = "<group>";
		};
		6E56384D2AD04E3C00CAC009 /* Views */ = {
			isa = PBXGroup;
			children = (
				6E56383A2ACF956A00CAC009 /* ContentView.swift */,
				6E56384E2AD04E5100CAC009 /* DetailView.swift */,
				6E5638502AD095E100CAC009 /* IngredeintsView.swift */,
			);
			path = Views;
			sourceTree = "<group>";
		};
		6E5638522AD4388900CAC009 /* Backend */ = {
			isa = PBXGroup;
			children = (
				6E56384B2ACFBD0E00CAC009 /* Backend.swift */,
			);
			path = Backend;
			sourceTree = "<group>";
		};
/* End PBXGroup section */

/* Begin PBXNativeTarget section */
		6E5638342ACF956A00CAC009 /* fetch-challenge-ios */ = {
			isa = PBXNativeTarget;
			buildConfigurationList = 6E5638432ACF956C00CAC009 /* Build configuration list for PBXNativeTarget "fetch-challenge-ios" */;
			buildPhases = (
				6E5638312ACF956A00CAC009 /* Sources */,
				6E5638322ACF956A00CAC009 /* Frameworks */,
				6E5638332ACF956A00CAC009 /* Resources */,
			);
			buildRules = (
			);
			dependencies = (
			);
			name = "fetch-challenge-ios";
			productName = "fetch-challenge-ios";
			productReference = 6E5638352ACF956A00CAC009 /* fetch-challenge-ios.app */;
			productType = "com.apple.product-type.application";
		};
/* End PBXNativeTarget section */

/* Begin PBXProject section */
		6E56382D2ACF956A00CAC009 /* Project object */ = {
			isa = PBXProject;
			attributes = {
				BuildIndependentTargetsInParallel = 1;
				LastSwiftUpdateCheck = 1400;
				LastUpgradeCheck = 1400;
				TargetAttributes = {
					6E5638342ACF956A00CAC009 = {
						CreatedOnToolsVersion = 14.0;
					};
				};
			};
			buildConfigurationList = 6E5638302ACF956A00CAC009 /* Build configuration list for PBXProject "fetch-challenge-ios" */;
			compatibilityVersion = "Xcode 14.0";
			developmentRegion = en;
			hasScannedForEncodings = 0;
			knownRegions = (
				en,
				Base,
			);
			mainGroup = 6E56382C2ACF956A00CAC009;
			productRefGroup = 6E5638362ACF956A00CAC009 /* Products */;
			projectDirPath = "";
			projectRoot = "";
			targets = (
				6E5638342ACF956A00CAC009 /* fetch-challenge-ios */,
			);
		};
/* End PBXProject section */

/* Begin PBXResourcesBuildPhase section */
		6E5638332ACF956A00CAC009 /* Resources */ = {
			isa = PBXResourcesBuildPhase;
			buildActionMask = 2147483647;
			files = (
				6E5638402ACF956C00CAC009 /* Preview Assets.xcassets in Resources */,
				6E56383D2ACF956C00CAC009 /* Assets.xcassets in Resources */,
			);
			runOnlyForDeploymentPostprocessing = 0;
		};
/* End PBXResourcesBuildPhase section */

/* Begin PBXSourcesBuildPhase section */
		6E5638312ACF956A00CAC009 /* Sources */ = {
			isa = PBXSourcesBuildPhase;
			buildActionMask = 2147483647;
			files = (
				6E56384C2ACFBD0E00CAC009 /* Backend.swift in Sources */,
				6E56384A2ACFBBBB00CAC009 /* Model.swift in Sources */,
				6E56383B2ACF956A00CAC009 /* ContentView.swift in Sources */,
				6E56384F2AD04E5100CAC009 /* DetailView.swift in Sources */,
				6E5638392ACF956A00CAC009 /* fetch_challenge_iosApp.swift in Sources */,
				6E5638512AD095E100CAC009 /* IngredeintsView.swift in Sources */,
			);
			runOnlyForDeploymentPostprocessing = 0;
		};
/* End PBXSourcesBuildPhase section */

/* Begin XCBuildConfiguration section */
		6E5638412ACF956C00CAC009 /* Debug */ = {
			isa = XCBuildConfiguration;
			buildSettings = {
				ALWAYS_SEARCH_USER_PATHS = NO;
				CLANG_ANALYZER_NONNULL = YES;
				CLANG_ANALYZER_NUMBER_OBJECT_CONVERSION = YES_AGGRESSIVE;
				CLANG_CXX_LANGUAGE_STANDARD = "gnu++20";
				CLANG_ENABLE_MODULES = YES;
				CLANG_ENABLE_OBJC_ARC = YES;
				CLANG_ENABLE_OBJC_WEAK = YES;
				CLANG_WARN_BLOCK_CAPTURE_AUTORELEASING = YES;
				CLANG_WARN_BOOL_CONVERSION = YES;
				CLANG_WARN_COMMA = YES;
				CLANG_WARN_CONSTANT_CONVERSION = YES;
				CLANG_WARN_DEPRECATED_OBJC_IMPLEMENTATIONS = YES;
				CLANG_WARN_DIRECT_OBJC_ISA_USAGE = YES_ERROR;
				CLANG_WARN_DOCUMENTATION_COMMENTS = YES;
				CLANG_WARN_EMPTY_BODY = YES;
				CLANG_WARN_ENUM_CONVERSION = YES;
				CLANG_WARN_INFINITE_RECURSION = YES;
				CLANG_WARN_INT_CONVERSION = YES;
				CLANG_WARN_NON_LITERAL_NULL_CONVERSION = YES;
				CLANG_WARN_OBJC_IMPLICIT_RETAIN_SELF = YES;
				CLANG_WARN_OBJC_LITERAL_CONVERSION = YES;
				CLANG_WARN_OBJC_ROOT_CLASS = YES_ERROR;
				CLANG_WARN_QUOTED_INCLUDE_IN_FRAMEWORK_HEADER = YES;
				CLANG_WARN_RANGE_LOOP_ANALYSIS = YES;
				CLANG_WARN_STRICT_PROTOTYPES = YES;
				CLANG_WARN_SUSPICIOUS_MOVE = YES;
				CLANG_WARN_UNGUARDED_AVAILABILITY = YES_AGGRESSIVE;
				CLANG_WARN_UNREACHABLE_CODE = YES;
				CLANG_WARN__DUPLICATE_METHOD_MATCH = YES;
				COPY_PHASE_STRIP = NO;
				DEBUG_INFORMATION_FORMAT = dwarf;
				ENABLE_STRICT_OBJC_MSGSEND = YES;
				ENABLE_TESTABILITY = YES;
				GCC_C_LANGUAGE_STANDARD = gnu11;
				GCC_DYNAMIC_NO_PIC = NO;
				GCC_NO_COMMON_BLOCKS = YES;
				GCC_OPTIMIZATION_LEVEL = 0;
				GCC_PREPROCESSOR_DEFINITIONS = (
					"DEBUG=1",
					"$(inherited)",
				);
				GCC_WARN_64_TO_32_BIT_CONVERSION = YES;
				GCC_WARN_ABOUT_RETURN_TYPE = YES_ERROR;
				GCC_WARN_UNDECLARED_SELECTOR = YES;
				GCC_WARN_UNINITIALIZED_AUTOS = YES_AGGRESSIVE;
				GCC_WARN_UNUSED_FUNCTION = YES;
				GCC_WARN_UNUSED_VARIABLE = YES;
				IPHONEOS_DEPLOYMENT_TARGET = 16.0;
				MTL_ENABLE_DEBUG_INFO = INCLUDE_SOURCE;
				MTL_FAST_MATH = YES;
				ONLY_ACTIVE_ARCH = YES;
				SDKROOT = iphoneos;
				SWIFT_ACTIVE_COMPILATION_CONDITIONS = DEBUG;
				SWIFT_OPTIMIZATION_LEVEL = "-Onone";
			};
			name = Debug;
		};
		6E5638422ACF956C00CAC009 /* Release */ = {
			isa = XCBuildConfiguration;
			buildSettings = {
				ALWAYS_SEARCH_USER_PATHS = NO;
				CLANG_ANALYZER_NONNULL = YES;
				CLANG_ANALYZER_NUMBER_OBJECT_CONVERSION = YES_AGGRESSIVE;
				CLANG_CXX_LANGUAGE_STANDARD = "gnu++20";
				CLANG_ENABLE_MODULES = YES;
				CLANG_ENABLE_OBJC_ARC = YES;
				CLANG_ENABLE_OBJC_WEAK = YES;
				CLANG_WARN_BLOCK_CAPTURE_AUTORELEASING = YES;
				CLANG_WARN_BOOL_CONVERSION = YES;
				CLANG_WARN_COMMA = YES;
				CLANG_WARN_CONSTANT_CONVERSION = YES;
				CLANG_WARN_DEPRECATED_OBJC_IMPLEMENTATIONS = YES;
				CLANG_WARN_DIRECT_OBJC_ISA_USAGE = YES_ERROR;
				CLANG_WARN_DOCUMENTATION_COMMENTS = YES;
				CLANG_WARN_EMPTY_BODY = YES;
				CLANG_WARN_ENUM_CONVERSION = YES;
				CLANG_WARN_INFINITE_RECURSION = YES;
				CLANG_WARN_INT_CONVERSION = YES;
				CLANG_WARN_NON_LITERAL_NULL_CONVERSION = YES;
				CLANG_WARN_OBJC_IMPLICIT_RETAIN_SELF = YES;
				CLANG_WARN_OBJC_LITERAL_CONVERSION = YES;
				CLANG_WARN_OBJC_ROOT_CLASS = YES_ERROR;
				CLANG_WARN_QUOTED_INCLUDE_IN_FRAMEWORK_HEADER = YES;
				CLANG_WARN_RANGE_LOOP_ANALYSIS = YES;
				CLANG_WARN_STRICT_PROTOTYPES = YES;
				CLANG_WARN_SUSPICIOUS_MOVE = YES;
				CLANG_WARN_UNGUARDED_AVAILABILITY = YES_AGGRESSIVE;
				CLANG_WARN_UNREACHABLE_CODE = YES;
				CLANG_WARN__DUPLICATE_METHOD_MATCH = YES;
				COPY_PHASE_STRIP = NO;
				DEBUG_INFORMATION_FORMAT = "dwarf-with-dsym";
				ENABLE_NS_ASSERTIONS = NO;
				ENABLE_STRICT_OBJC_MSGSEND = YES;
				GCC_C_LANGUAGE_STANDARD = gnu11;
				GCC_NO_COMMON_BLOCKS = YES;
				GCC_WARN_64_TO_32_BIT_CONVERSION = YES;
				GCC_WARN_ABOUT_RETURN_TYPE = YES_ERROR;
				GCC_WARN_UNDECLARED_SELECTOR = YES;
				GCC_WARN_UNINITIALIZED_AUTOS = YES_AGGRESSIVE;
				GCC_WARN_UNUSED_FUNCTION = YES;
				GCC_WARN_UNUSED_VARIABLE = YES;
				IPHONEOS_DEPLOYMENT_TARGET = 16.0;
				MTL_ENABLE_DEBUG_INFO = NO;
				MTL_FAST_MATH = YES;
				SDKROOT = iphoneos;
				SWIFT_COMPILATION_MODE = wholemodule;
				SWIFT_OPTIMIZATION_LEVEL = "-O";
				VALIDATE_PRODUCT = YES;
			};
			name = Release;
		};
		6E5638442ACF956C00CAC009 /* Debug */ = {
			isa = XCBuildConfiguration;
			buildSettings = {
				ASSETCATALOG_COMPILER_APPICON_NAME = AppIcon;
				ASSETCATALOG_COMPILER_GLOBAL_ACCENT_COLOR_NAME = AccentColor;
				CODE_SIGN_STYLE = Automatic;
				CURRENT_PROJECT_VERSION = 1;
				DEVELOPMENT_ASSET_PATHS = "\"fetch-challenge-ios/Preview Content\"";
				DEVELOPMENT_TEAM = 4R3WTR3L5V;
				ENABLE_PREVIEWS = YES;
				GENERATE_INFOPLIST_FILE = YES;
				INFOPLIST_KEY_UIApplicationSceneManifest_Generation = YES;
				INFOPLIST_KEY_UIApplicationSupportsIndirectInputEvents = YES;
				INFOPLIST_KEY_UILaunchScreen_Generation = YES;
				INFOPLIST_KEY_UISupportedInterfaceOrientations_iPad = "UIInterfaceOrientationPortrait UIInterfaceOrientationPortraitUpsideDown UIInterfaceOrientationLandscapeLeft UIInterfaceOrientationLandscapeRight";
				INFOPLIST_KEY_UISupportedInterfaceOrientations_iPhone = "UIInterfaceOrientationPortrait UIInterfaceOrientationLandscapeLeft UIInterfaceOrientationLandscapeRight";
				LD_RUNPATH_SEARCH_PATHS = (
					"$(inherited)",
					"@executable_path/Frameworks",
				);
				MARKETING_VERSION = 1.0;
				PRODUCT_BUNDLE_IDENTIFIER = "none.fetch-challenge-ios";
				PRODUCT_NAME = "$(TARGET_NAME)";
				SWIFT_EMIT_LOC_STRINGS = YES;
				SWIFT_VERSION = 5.0;
				TARGETED_DEVICE_FAMILY = "1,2";
			};
			name = Debug;
		};
		6E5638452ACF956C00CAC009 /* Release */ = {
			isa = XCBuildConfiguration;
			buildSettings = {
				ASSETCATALOG_COMPILER_APPICON_NAME = AppIcon;
				ASSETCATALOG_COMPILER_GLOBAL_ACCENT_COLOR_NAME = AccentColor;
				CODE_SIGN_STYLE = Automatic;
				CURRENT_PROJECT_VERSION = 1;
				DEVELOPMENT_ASSET_PATHS = "\"fetch-challenge-ios/Preview Content\"";
				DEVELOPMENT_TEAM = 4R3WTR3L5V;
				ENABLE_PREVIEWS = YES;
				GENERATE_INFOPLIST_FILE = YES;
				INFOPLIST_KEY_UIApplicationSceneManifest_Generation = YES;
				INFOPLIST_KEY_UIApplicationSupportsIndirectInputEvents = YES;
				INFOPLIST_KEY_UILaunchScreen_Generation = YES;
				INFOPLIST_KEY_UISupportedInterfaceOrientations_iPad = "UIInterfaceOrientationPortrait UIInterfaceOrientationPortraitUpsideDown UIInterfaceOrientationLandscapeLeft UIInterfaceOrientationLandscapeRight";
				INFOPLIST_KEY_UISupportedInterfaceOrientations_iPhone = "UIInterfaceOrientationPortrait UIInterfaceOrientationLandscapeLeft UIInterfaceOrientationLandscapeRight";
				LD_RUNPATH_SEARCH_PATHS = (
					"$(inherited)",
					"@executable_path/Frameworks",
				);
				MARKETING_VERSION = 1.0;
				PRODUCT_BUNDLE_IDENTIFIER = "none.fetch-challenge-ios";
				PRODUCT_NAME = "$(TARGET_NAME)";
				SWIFT_EMIT_LOC_STRINGS = YES;
				SWIFT_VERSION = 5.0;
				TARGETED_DEVICE_FAMILY = "1,2";
			};
			name = Release;
		};
/* End XCBuildConfiguration section */

/* Begin XCConfigurationList section */
		6E5638302ACF956A00CAC009 /* Build configuration list for PBXProject "fetch-challenge-ios" */ = {
			isa = XCConfigurationList;
			buildConfigurations = (
				6E5638412ACF956C00CAC009 /* Debug */,
				6E5638422ACF956C00CAC009 /* Release */,
			);
			defaultConfigurationIsVisible = 0;
			defaultConfigurationName = Release;
		};
		6E5638432ACF956C00CAC009 /* Build configuration list for PBXNativeTarget "fetch-challenge-ios" */ = {
			isa = XCConfigurationList;
			buildConfigurations = (
				6E5638442ACF956C00CAC009 /* Debug */,
				6E5638452ACF956C00CAC009 /* Release */,
			);
			defaultConfigurationIsVisible = 0;
			defaultConfigurationName = Release;
		};
/* End XCConfigurationList section */
	};
	rootObject = 6E56382D2ACF956A00CAC009 /* Project object */;
}
